// !$*UTF8*$!
{
	archiveVersion = 1;
	classes = {
	};
	objectVersion = 48;
	objects = {

/* Begin PBXBuildFile section */
		DC68E1C620F7FCE100C48875 /* Constants.swift in Sources */ = {isa = PBXBuildFile; fileRef = DC68E1C520F7FCE100C48875 /* Constants.swift */; };
		DC68E1C820F806CC00C48875 /* PointUIView.swift in Sources */ = {isa = PBXBuildFile; fileRef = DC68E1C720F806CC00C48875 /* PointUIView.swift */; };
		DCA0C31A20EEBA7700B04061 /* AppDelegate.swift in Sources */ = {isa = PBXBuildFile; fileRef = DCA0C31920EEBA7700B04061 /* AppDelegate.swift */; };
		DCA0C31C20EEBA7700B04061 /* ViewController.swift in Sources */ = {isa = PBXBuildFile; fileRef = DCA0C31B20EEBA7700B04061 /* ViewController.swift */; };
		DCA0C31F20EEBA7700B04061 /* Main.storyboard in Resources */ = {isa = PBXBuildFile; fileRef = DCA0C31D20EEBA7700B04061 /* Main.storyboard */; };
		DCA0C32220EEBA7700B04061 /* TaskBalinaSoft.xcdatamodeld in Sources */ = {isa = PBXBuildFile; fileRef = DCA0C32020EEBA7700B04061 /* TaskBalinaSoft.xcdatamodeld */; };
		DCA0C32420EEBA7700B04061 /* Assets.xcassets in Resources */ = {isa = PBXBuildFile; fileRef = DCA0C32320EEBA7700B04061 /* Assets.xcassets */; };
		DCA0C32720EEBA7700B04061 /* LaunchScreen.storyboard in Resources */ = {isa = PBXBuildFile; fileRef = DCA0C32520EEBA7700B04061 /* LaunchScreen.storyboard */; };
/* End PBXBuildFile section */

/* Begin PBXFileReference section */
		DC68E1C520F7FCE100C48875 /* Constants.swift */ = {isa = PBXFileReference; lastKnownFileType = sourcecode.swift; path = Constants.swift; sourceTree = "<group>"; };
		DC68E1C720F806CC00C48875 /* PointUIView.swift */ = {isa = PBXFileReference; lastKnownFileType = sourcecode.swift; path = PointUIView.swift; sourceTree = "<group>"; };
		DCA0C31620EEBA7700B04061 /* TaskBalinaSoft.app */ = {isa = PBXFileReference; explicitFileType = wrapper.application; includeInIndex = 0; path = TaskBalinaSoft.app; sourceTree = BUILT_PRODUCTS_DIR; };
		DCA0C31920EEBA7700B04061 /* AppDelegate.swift */ = {isa = PBXFileReference; lastKnownFileType = sourcecode.swift; path = AppDelegate.swift; sourceTree = "<group>"; };
		DCA0C31B20EEBA7700B04061 /* ViewController.swift */ = {isa = PBXFileReference; lastKnownFileType = sourcecode.swift; path = ViewController.swift; sourceTree = "<group>"; };
		DCA0C31E20EEBA7700B04061 /* Base */ = {isa = PBXFileReference; lastKnownFileType = file.storyboard; name = Base; path = Base.lproj/Main.storyboard; sourceTree = "<group>"; };
		DCA0C32120EEBA7700B04061 /* TaskBalinaSoft.xcdatamodel */ = {isa = PBXFileReference; lastKnownFileType = wrapper.xcdatamodel; path = TaskBalinaSoft.xcdatamodel; sourceTree = "<group>"; };
		DCA0C32320EEBA7700B04061 /* Assets.xcassets */ = {isa = PBXFileReference; lastKnownFileType = folder.assetcatalog; path = Assets.xcassets; sourceTree = "<group>"; };
		DCA0C32620EEBA7700B04061 /* Base */ = {isa = PBXFileReference; lastKnownFileType = file.storyboard; name = Base; path = Base.lproj/LaunchScreen.storyboard; sourceTree = "<group>"; };
		DCA0C32820EEBA7800B04061 /* Info.plist */ = {isa = PBXFileReference; lastKnownFileType = text.plist.xml; path = Info.plist; sourceTree = "<group>"; };
/* End PBXFileReference section */

/* Begin PBXFrameworksBuildPhase section */
		DCA0C31320EEBA7700B04061 /* Frameworks */ = {
			isa = PBXFrameworksBuildPhase;
			buildActionMask = 2147483647;
			files = (
			);
			runOnlyForDeploymentPostprocessing = 0;
		};
/* End PBXFrameworksBuildPhase section */

/* Begin PBXGroup section */
		DCA0C30D20EEBA7700B04061 = {
			isa = PBXGroup;
			children = (
				DCA0C31820EEBA7700B04061 /* TaskBalinaSoft */,
				DCA0C31720EEBA7700B04061 /* Products */,
			);
			sourceTree = "<group>";
		};
		DCA0C31720EEBA7700B04061 /* Products */ = {
			isa = PBXGroup;
			children = (
				DCA0C31620EEBA7700B04061 /* TaskBalinaSoft.app */,
			);
			name = Products;
			sourceTree = "<group>";
		};
		DCA0C31820EEBA7700B04061 /* TaskBalinaSoft */ = {
			isa = PBXGroup;
			children = (
				DCA0C31920EEBA7700B04061 /* AppDelegate.swift */,
				DCA0C31B20EEBA7700B04061 /* ViewController.swift */,
				DC68E1C520F7FCE100C48875 /* Constants.swift */,
				DCA0C31D20EEBA7700B04061 /* Main.storyboard */,
				DCA0C32320EEBA7700B04061 /* Assets.xcassets */,
				DCA0C32520EEBA7700B04061 /* LaunchScreen.storyboard */,
				DCA0C32820EEBA7800B04061 /* Info.plist */,
				DC68E1C720F806CC00C48875 /* PointUIView.swift */,
				DCA0C32020EEBA7700B04061 /* TaskBalinaSoft.xcdatamodeld */,
			);
			path = TaskBalinaSoft;
			sourceTree = "<group>";
		};
/* End PBXGroup section */

/* Begin PBXNativeTarget section */
		DCA0C31520EEBA7700B04061 /* TaskBalinaSoft */ = {
			isa = PBXNativeTarget;
			buildConfigurationList = DCA0C32B20EEBA7800B04061 /* Build configuration list for PBXNativeTarget "TaskBalinaSoft" */;
			buildPhases = (
				DCA0C31220EEBA7700B04061 /* Sources */,
				DCA0C31320EEBA7700B04061 /* Frameworks */,
				DCA0C31420EEBA7700B04061 /* Resources */,
			);
			buildRules = (
			);
			dependencies = (
			);
			name = TaskBalinaSoft;
			productName = TaskBalinaSoft;
			productReference = DCA0C31620EEBA7700B04061 /* TaskBalinaSoft.app */;
			productType = "com.apple.product-type.application";
		};
/* End PBXNativeTarget section */

/* Begin PBXProject section */
		DCA0C30E20EEBA7700B04061 /* Project object */ = {
			isa = PBXProject;
			attributes = {
				LastSwiftUpdateCheck = 0920;
				LastUpgradeCheck = 0920;
				ORGANIZATIONNAME = TaskBalinaSoft;
				TargetAttributes = {
					DCA0C31520EEBA7700B04061 = {
						CreatedOnToolsVersion = 9.2;
						ProvisioningStyle = Automatic;
					};
				};
			};
			buildConfigurationList = DCA0C31120EEBA7700B04061 /* Build configuration list for PBXProject "TaskBalinaSoft" */;
			compatibilityVersion = "Xcode 8.0";
			developmentRegion = en;
			hasScannedForEncodings = 0;
			knownRegions = (
				en,
				Base,
			);
			mainGroup = DCA0C30D20EEBA7700B04061;
			productRefGroup = DCA0C31720EEBA7700B04061 /* Products */;
			projectDirPath = "";
			projectRoot = "";
			targets = (
				DCA0C31520EEBA7700B04061 /* TaskBalinaSoft */,
			);
		};
/* End PBXProject section */

/* Begin PBXResourcesBuildPhase section */
		DCA0C31420EEBA7700B04061 /* Resources */ = {
			isa = PBXResourcesBuildPhase;
			buildActionMask = 2147483647;
			files = (
				DCA0C32720EEBA7700B04061 /* LaunchScreen.storyboard in Resources */,
				DCA0C32420EEBA7700B04061 /* Assets.xcassets in Resources */,
				DCA0C31F20EEBA7700B04061 /* Main.storyboard in Resources */,
			);
			runOnlyForDeploymentPostprocessing = 0;
		};
/* End PBXResourcesBuildPhase section */

/* Begin PBXSourcesBuildPhase section */
		DCA0C31220EEBA7700B04061 /* Sources */ = {
			isa = PBXSourcesBuildPhase;
			buildActionMask = 2147483647;
			files = (
				DCA0C31C20EEBA7700B04061 /* ViewController.swift in Sources */,
				DCA0C31A20EEBA7700B04061 /* AppDelegate.swift in Sources */,
				DCA0C32220EEBA7700B04061 /* TaskBalinaSoft.xcdatamodeld in Sources */,
				DC68E1C620F7FCE100C48875 /* Constants.swift in Sources */,
				DC68E1C820F806CC00C48875 /* PointUIView.swift in Sources */,
			);
			runOnlyForDeploymentPostprocessing = 0;
		};
/* End PBXSourcesBuildPhase section */

/* Begin PBXVariantGroup section */
		DCA0C31D20EEBA7700B04061 /* Main.storyboard */ = {
			isa = PBXVariantGroup;
			children = (
				DCA0C31E20EEBA7700B04061 /* Base */,
			);
			name = Main.storyboard;
			sourceTree = "<group>";
		};
		DCA0C32520EEBA7700B04061 /* LaunchScreen.storyboard */ = {
			isa = PBXVariantGroup;
			children = (
				DCA0C32620EEBA7700B04061 /* Base */,
			);
			name = LaunchScreen.storyboard;
			sourceTree = "<group>";
		};
/* End PBXVariantGroup section */

/* Begin XCBuildConfiguration section */
		DCA0C32920EEBA7800B04061 /* Debug */ = {
			isa = XCBuildConfiguration;
			buildSettings = {
				ALWAYS_SEARCH_USER_PATHS = NO;
				CLANG_ANALYZER_NONNULL = YES;
				CLANG_ANALYZER_NUMBER_OBJECT_CONVERSION = YES_AGGRESSIVE;
				CLANG_CXX_LANGUAGE_STANDARD = "gnu++14";
				CLANG_CXX_LIBRARY = "libc++";
				CLANG_ENABLE_MODULES = YES;
				CLANG_ENABLE_OBJC_ARC = YES;
				CLANG_WARN_BLOCK_CAPTURE_AUTORELEASING = YES;
				CLANG_WARN_BOOL_CONVERSION = YES;
				CLANG_WARN_COMMA = YES;
				CLANG_WARN_CONSTANT_CONVERSION = YES;
				CLANG_WARN_DIRECT_OBJC_ISA_USAGE = YES_ERROR;
				CLANG_WARN_DOCUMENTATION_COMMENTS = YES;
				CLANG_WARN_EMPTY_BODY = YES;
				CLANG_WARN_ENUM_CONVERSION = YES;
				CLANG_WARN_INFINITE_RECURSION = YES;
				CLANG_WARN_INT_CONVERSION = YES;
				CLANG_WARN_NON_LITERAL_NULL_CONVERSION = YES;
				CLANG_WARN_OBJC_LITERAL_CONVERSION = YES;
				CLANG_WARN_OBJC_ROOT_CLASS = YES_ERROR;
				CLANG_WARN_RANGE_LOOP_ANALYSIS = YES;
				CLANG_WARN_STRICT_PROTOTYPES = YES;
				CLANG_WARN_SUSPICIOUS_MOVE = YES;
				CLANG_WARN_UNGUARDED_AVAILABILITY = YES_AGGRESSIVE;
				CLANG_WARN_UNREACHABLE_CODE = YES;
				CLANG_WARN__DUPLICATE_METHOD_MATCH = YES;
				CODE_SIGN_IDENTITY = "iPhone Developer";
				COPY_PHASE_STRIP = NO;
				DEBUG_INFORMATION_FORMAT = dwarf;
				ENABLE_STRICT_OBJC_MSGSEND = YES;
				ENABLE_TESTABILITY = YES;
				GCC_C_LANGUAGE_STANDARD = gnu11;
				GCC_DYNAMIC_NO_PIC = NO;
				GCC_NO_COMMON_BLOCKS = YES;
				GCC_OPTIMIZATION_LEVEL = 0;
				GCC_PREPROCESSOR_DEFINITIONS = (
					"DEBUG=1",
					"$(inherited)",
				);
				GCC_WARN_64_TO_32_BIT_CONVERSION = YES;
				GCC_WARN_ABOUT_RETURN_TYPE = YES_ERROR;
				GCC_WARN_UNDECLARED_SELECTOR = YES;
				GCC_WARN_UNINITIALIZED_AUTOS = YES_AGGRESSIVE;
				GCC_WARN_UNUSED_FUNCTION = YES;
				GCC_WARN_UNUSED_VARIABLE = YES;
				IPHONEOS_DEPLOYMENT_TARGET = 11.2;
				MTL_ENABLE_DEBUG_INFO = YES;
				ONLY_ACTIVE_ARCH = YES;
				SDKROOT = iphoneos;
				SWIFT_ACTIVE_COMPILATION_CONDITIONS = DEBUG;
				SWIFT_OPTIMIZATION_LEVEL = "-Onone";
			};
			name = Debug;
		};
		DCA0C32A20EEBA7800B04061 /* Release */ = {
			isa = XCBuildConfiguration;
			buildSettings = {
				ALWAYS_SEARCH_USER_PATHS = NO;
				CLANG_ANALYZER_NONNULL = YES;
				CLANG_ANALYZER_NUMBER_OBJECT_CONVERSION = YES_AGGRESSIVE;
				CLANG_CXX_LANGUAGE_STANDARD = "gnu++14";
				CLANG_CXX_LIBRARY = "libc++";
				CLANG_ENABLE_MODULES = YES;
				CLANG_ENABLE_OBJC_ARC = YES;
				CLANG_WARN_BLOCK_CAPTURE_AUTORELEASING = YES;
				CLANG_WARN_BOOL_CONVERSION = YES;
				CLANG_WARN_COMMA = YES;
				CLANG_WARN_CONSTANT_CONVERSION = YES;
				CLANG_WARN_DIRECT_OBJC_ISA_USAGE = YES_ERROR;
				CLANG_WARN_DOCUMENTATION_COMMENTS = YES;
				CLANG_WARN_EMPTY_BODY = YES;
				CLANG_WARN_ENUM_CONVERSION = YES;
				CLANG_WARN_INFINITE_RECURSION = YES;
				CLANG_WARN_INT_CONVERSION = YES;
				CLANG_WARN_NON_LITERAL_NULL_CONVERSION = YES;
				CLANG_WARN_OBJC_LITERAL_CONVERSION = YES;
				CLANG_WARN_OBJC_ROOT_CLASS = YES_ERROR;
				CLANG_WARN_RANGE_LOOP_ANALYSIS = YES;
				CLANG_WARN_STRICT_PROTOTYPES = YES;
				CLANG_WARN_SUSPICIOUS_MOVE = YES;
				CLANG_WARN_UNGUARDED_AVAILABILITY = YES_AGGRESSIVE;
				CLANG_WARN_UNREACHABLE_CODE = YES;
				CLANG_WARN__DUPLICATE_METHOD_MATCH = YES;
				CODE_SIGN_IDENTITY = "iPhone Developer";
				COPY_PHASE_STRIP = NO;
				DEBUG_INFORMATION_FORMAT = "dwarf-with-dsym";
				ENABLE_NS_ASSERTIONS = NO;
				ENABLE_STRICT_OBJC_MSGSEND = YES;
				GCC_C_LANGUAGE_STANDARD = gnu11;
				GCC_NO_COMMON_BLOCKS = YES;
				GCC_WARN_64_TO_32_BIT_CONVERSION = YES;
				GCC_WARN_ABOUT_RETURN_TYPE = YES_ERROR;
				GCC_WARN_UNDECLARED_SELECTOR = YES;
				GCC_WARN_UNINITIALIZED_AUTOS = YES_AGGRESSIVE;
				GCC_WARN_UNUSED_FUNCTION = YES;
				GCC_WARN_UNUSED_VARIABLE = YES;
				IPHONEOS_DEPLOYMENT_TARGET = 11.2;
				MTL_ENABLE_DEBUG_INFO = NO;
				SDKROOT = iphoneos;
				SWIFT_OPTIMIZATION_LEVEL = "-Owholemodule";
				VALIDATE_PRODUCT = YES;
			};
			name = Release;
		};
		DCA0C32C20EEBA7800B04061 /* Debug */ = {
			isa = XCBuildConfiguration;
			buildSettings = {
				ASSETCATALOG_COMPILER_APPICON_NAME = AppIcon;
				CODE_SIGN_STYLE = Automatic;
				INFOPLIST_FILE = TaskBalinaSoft/Info.plist;
				LD_RUNPATH_SEARCH_PATHS = "$(inherited) @executable_path/Frameworks";
				PRODUCT_BUNDLE_IDENTIFIER = TaskBalinaSoft.TaskBalinaSoft;
				PRODUCT_NAME = "$(TARGET_NAME)";
				SWIFT_VERSION = 4.0;
				TARGETED_DEVICE_FAMILY = "1,2";
			};
			name = Debug;
		};
		DCA0C32D20EEBA7800B04061 /* Release */ = {
			isa = XCBuildConfiguration;
			buildSettings = {
				ASSETCATALOG_COMPILER_APPICON_NAME = AppIcon;
				CODE_SIGN_STYLE = Automatic;
				INFOPLIST_FILE = TaskBalinaSoft/Info.plist;
				LD_RUNPATH_SEARCH_PATHS = "$(inherited) @executable_path/Frameworks";
				PRODUCT_BUNDLE_IDENTIFIER = TaskBalinaSoft.TaskBalinaSoft;
				PRODUCT_NAME = "$(TARGET_NAME)";
				SWIFT_VERSION = 4.0;
				TARGETED_DEVICE_FAMILY = "1,2";
			};
			name = Release;
		};
/* End XCBuildConfiguration section */

/* Begin XCConfigurationList section */
		DCA0C31120EEBA7700B04061 /* Build configuration list for PBXProject "TaskBalinaSoft" */ = {
			isa = XCConfigurationList;
			buildConfigurations = (
				DCA0C32920EEBA7800B04061 /* Debug */,
				DCA0C32A20EEBA7800B04061 /* Release */,
			);
			defaultConfigurationIsVisible = 0;
			defaultConfigurationName = Release;
		};
		DCA0C32B20EEBA7800B04061 /* Build configuration list for PBXNativeTarget "TaskBalinaSoft" */ = {
			isa = XCConfigurationList;
			buildConfigurations = (
				DCA0C32C20EEBA7800B04061 /* Debug */,
				DCA0C32D20EEBA7800B04061 /* Release */,
			);
			defaultConfigurationIsVisible = 0;
			defaultConfigurationName = Release;
		};
/* End XCConfigurationList section */

/* Begin XCVersionGroup section */
		DCA0C32020EEBA7700B04061 /* TaskBalinaSoft.xcdatamodeld */ = {
			isa = XCVersionGroup;
			children = (
				DCA0C32120EEBA7700B04061 /* TaskBalinaSoft.xcdatamodel */,
			);
			currentVersion = DCA0C32120EEBA7700B04061 /* TaskBalinaSoft.xcdatamodel */;
			path = TaskBalinaSoft.xcdatamodeld;
			sourceTree = "<group>";
			versionGroupType = wrapper.xcdatamodel;
		};
/* End XCVersionGroup section */
	};
	rootObject = DCA0C30E20EEBA7700B04061 /* Project object */;
}
